// !$*UTF8*$!
{
	archiveVersion = 1;
	classes = {
	};
	objectVersion = 46;
	objects = {

/* Begin PBXBuildFile section */
		A98E138D175E6D7C009F90E8 /* LNSSourceListSourceGroupCell.m in Sources */ = {isa = PBXBuildFile; fileRef = A98E138C175E6D7C009F90E8 /* LNSSourceListSourceGroupCell.m */; };
		A996D972175B59A900010719 /* Cocoa.framework in Frameworks */ = {isa = PBXBuildFile; fileRef = A996D971175B59A900010719 /* Cocoa.framework */; };
		A996D97C175B59A900010719 /* InfoPlist.strings in Resources */ = {isa = PBXBuildFile; fileRef = A996D97A175B59A900010719 /* InfoPlist.strings */; };
		A996D97E175B59A900010719 /* main.m in Sources */ = {isa = PBXBuildFile; fileRef = A996D97D175B59A900010719 /* main.m */; };
		A996D982175B59A900010719 /* Credits.rtf in Resources */ = {isa = PBXBuildFile; fileRef = A996D980175B59A900010719 /* Credits.rtf */; };
		A996D985175B59A900010719 /* MEDocument.m in Sources */ = {isa = PBXBuildFile; fileRef = A996D984175B59A900010719 /* MEDocument.m */; };
		A996D988175B59A900010719 /* MEDocument.xib in Resources */ = {isa = PBXBuildFile; fileRef = A996D986175B59A900010719 /* MEDocument.xib */; };
		A996D98B175B59A900010719 /* MainMenu.xib in Resources */ = {isa = PBXBuildFile; fileRef = A996D989175B59A900010719 /* MainMenu.xib */; };
		A996D992175B5D1600010719 /* Sparkle.framework in Frameworks */ = {isa = PBXBuildFile; fileRef = A996D991175B5D1600010719 /* Sparkle.framework */; };
		A996D9C1175B651700010719 /* QuartzCore.framework in Frameworks */ = {isa = PBXBuildFile; fileRef = A996D9BF175B650E00010719 /* QuartzCore.framework */; };
		A996D9C4175B65C000010719 /* Sparkle.framework in CopyFiles */ = {isa = PBXBuildFile; fileRef = A996D991175B5D1600010719 /* Sparkle.framework */; };
		A996D9C7175B688E00010719 /* AppController.m in Sources */ = {isa = PBXBuildFile; fileRef = A996D9C6175B688E00010719 /* AppController.m */; };
/* End PBXBuildFile section */

/* Begin PBXCopyFilesBuildPhase section */
		A996D9C3175B657300010719 /* CopyFiles */ = {
			isa = PBXCopyFilesBuildPhase;
			buildActionMask = 2147483647;
			dstPath = "";
			dstSubfolderSpec = 10;
			files = (
				A996D9C4175B65C000010719 /* Sparkle.framework in CopyFiles */,
			);
			runOnlyForDeploymentPostprocessing = 0;
		};
/* End PBXCopyFilesBuildPhase section */

/* Begin PBXFileReference section */
		A98E138B175E6D7C009F90E8 /* LNSSourceListSourceGroupCell.h */ = {isa = PBXFileReference; fileEncoding = 4; lastKnownFileType = sourcecode.c.h; path = LNSSourceListSourceGroupCell.h; sourceTree = "<group>"; };
		A98E138C175E6D7C009F90E8 /* LNSSourceListSourceGroupCell.m */ = {isa = PBXFileReference; fileEncoding = 4; lastKnownFileType = sourcecode.c.objc; path = LNSSourceListSourceGroupCell.m; sourceTree = "<group>"; };
		A996D96E175B59A900010719 /* Pulsar.app */ = {isa = PBXFileReference; explicitFileType = wrapper.application; includeInIndex = 0; path = Pulsar.app; sourceTree = BUILT_PRODUCTS_DIR; };
		A996D971175B59A900010719 /* Cocoa.framework */ = {isa = PBXFileReference; lastKnownFileType = wrapper.framework; name = Cocoa.framework; path = System/Library/Frameworks/Cocoa.framework; sourceTree = SDKROOT; };
		A996D974175B59A900010719 /* AppKit.framework */ = {isa = PBXFileReference; lastKnownFileType = wrapper.framework; name = AppKit.framework; path = System/Library/Frameworks/AppKit.framework; sourceTree = SDKROOT; };
		A996D975175B59A900010719 /* CoreData.framework */ = {isa = PBXFileReference; lastKnownFileType = wrapper.framework; name = CoreData.framework; path = System/Library/Frameworks/CoreData.framework; sourceTree = SDKROOT; };
		A996D976175B59A900010719 /* Foundation.framework */ = {isa = PBXFileReference; lastKnownFileType = wrapper.framework; name = Foundation.framework; path = System/Library/Frameworks/Foundation.framework; sourceTree = SDKROOT; };
		A996D979175B59A900010719 /* Pulsar-Info.plist */ = {isa = PBXFileReference; lastKnownFileType = text.plist.xml; path = "Pulsar-Info.plist"; sourceTree = "<group>"; };
		A996D97B175B59A900010719 /* en */ = {isa = PBXFileReference; lastKnownFileType = text.plist.strings; name = en; path = en.lproj/InfoPlist.strings; sourceTree = "<group>"; };
		A996D97D175B59A900010719 /* main.m */ = {isa = PBXFileReference; lastKnownFileType = sourcecode.c.objc; path = main.m; sourceTree = "<group>"; };
		A996D97F175B59A900010719 /* Pulsar-Prefix.pch */ = {isa = PBXFileReference; lastKnownFileType = sourcecode.c.h; path = "Pulsar-Prefix.pch"; sourceTree = "<group>"; };
		A996D981175B59A900010719 /* en */ = {isa = PBXFileReference; lastKnownFileType = text.rtf; name = en; path = en.lproj/Credits.rtf; sourceTree = "<group>"; };
		A996D983175B59A900010719 /* MEDocument.h */ = {isa = PBXFileReference; lastKnownFileType = sourcecode.c.h; path = MEDocument.h; sourceTree = "<group>"; };
		A996D984175B59A900010719 /* MEDocument.m */ = {isa = PBXFileReference; lastKnownFileType = sourcecode.c.objc; path = MEDocument.m; sourceTree = "<group>"; };
		A996D987175B59A900010719 /* en */ = {isa = PBXFileReference; lastKnownFileType = file.xib; name = en; path = en.lproj/MEDocument.xib; sourceTree = "<group>"; };
		A996D98A175B59A900010719 /* en */ = {isa = PBXFileReference; lastKnownFileType = file.xib; name = en; path = en.lproj/MainMenu.xib; sourceTree = "<group>"; };
		A996D991175B5D1600010719 /* Sparkle.framework */ = {isa = PBXFileReference; lastKnownFileType = wrapper.framework; path = Sparkle.framework; sourceTree = "<group>"; };
		A996D9BF175B650E00010719 /* QuartzCore.framework */ = {isa = PBXFileReference; lastKnownFileType = wrapper.framework; name = QuartzCore.framework; path = System/Library/Frameworks/QuartzCore.framework; sourceTree = SDKROOT; };
		A996D9C5175B688E00010719 /* AppController.h */ = {isa = PBXFileReference; fileEncoding = 4; lastKnownFileType = sourcecode.c.h; path = AppController.h; sourceTree = "<group>"; };
		A996D9C6175B688E00010719 /* AppController.m */ = {isa = PBXFileReference; fileEncoding = 4; lastKnownFileType = sourcecode.c.objc; path = AppController.m; sourceTree = "<group>"; };
/* End PBXFileReference section */

/* Begin PBXFrameworksBuildPhase section */
		A996D96B175B59A900010719 /* Frameworks */ = {
			isa = PBXFrameworksBuildPhase;
			buildActionMask = 2147483647;
			files = (
				A996D972175B59A900010719 /* Cocoa.framework in Frameworks */,
				A996D992175B5D1600010719 /* Sparkle.framework in Frameworks */,
				A996D9C1175B651700010719 /* QuartzCore.framework in Frameworks */,
			);
			runOnlyForDeploymentPostprocessing = 0;
		};
/* End PBXFrameworksBuildPhase section */

/* Begin PBXGroup section */
		A996D965175B59A900010719 = {
			isa = PBXGroup;
			children = (
				A996D977175B59A900010719 /* Pulsar */,
				A996D970175B59A900010719 /* Frameworks */,
				A996D96F175B59A900010719 /* Products */,
			);
			sourceTree = "<group>";
		};
		A996D96F175B59A900010719 /* Products */ = {
			isa = PBXGroup;
			children = (
				A996D96E175B59A900010719 /* Pulsar.app */,
			);
			name = Products;
			sourceTree = "<group>";
		};
		A996D970175B59A900010719 /* Frameworks */ = {
			isa = PBXGroup;
			children = (
				A996D9BF175B650E00010719 /* QuartzCore.framework */,
				A996D991175B5D1600010719 /* Sparkle.framework */,
				A996D971175B59A900010719 /* Cocoa.framework */,
				A996D973175B59A900010719 /* Other Frameworks */,
			);
			name = Frameworks;
			sourceTree = "<group>";
		};
		A996D973175B59A900010719 /* Other Frameworks */ = {
			isa = PBXGroup;
			children = (
				A996D974175B59A900010719 /* AppKit.framework */,
				A996D975175B59A900010719 /* CoreData.framework */,
				A996D976175B59A900010719 /* Foundation.framework */,
			);
			name = "Other Frameworks";
			sourceTree = "<group>";
		};
		A996D977175B59A900010719 /* Pulsar */ = {
			isa = PBXGroup;
			children = (
				A996D993175B62F000010719 /* User Interface */,
				A996D994175B62FE00010719 /* Controllers */,
				A996D978175B59A900010719 /* Supporting Files */,
			);
			path = Pulsar;
			sourceTree = "<group>";
		};
		A996D978175B59A900010719 /* Supporting Files */ = {
			isa = PBXGroup;
			children = (
				A996D979175B59A900010719 /* Pulsar-Info.plist */,
				A996D97A175B59A900010719 /* InfoPlist.strings */,
				A996D97D175B59A900010719 /* main.m */,
				A996D97F175B59A900010719 /* Pulsar-Prefix.pch */,
				A996D980175B59A900010719 /* Credits.rtf */,
			);
			name = "Supporting Files";
			sourceTree = "<group>";
		};
		A996D993175B62F000010719 /* User Interface */ = {
			isa = PBXGroup;
			children = (
				A996D986175B59A900010719 /* MEDocument.xib */,
				A996D989175B59A900010719 /* MainMenu.xib */,
			);
			name = "User Interface";
			sourceTree = "<group>";
		};
		A996D994175B62FE00010719 /* Controllers */ = {
			isa = PBXGroup;
			children = (
				A98E138B175E6D7C009F90E8 /* LNSSourceListSourceGroupCell.h */,
				A98E138C175E6D7C009F90E8 /* LNSSourceListSourceGroupCell.m */,
				A996D983175B59A900010719 /* MEDocument.h */,
				A996D984175B59A900010719 /* MEDocument.m */,
				A996D9C5175B688E00010719 /* AppController.h */,
				A996D9C6175B688E00010719 /* AppController.m */,
			);
			name = Controllers;
			sourceTree = "<group>";
		};
/* End PBXGroup section */

/* Begin PBXNativeTarget section */
		A996D96D175B59A900010719 /* Pulsar */ = {
			isa = PBXNativeTarget;
			buildConfigurationList = A996D98E175B59A900010719 /* Build configuration list for PBXNativeTarget "Pulsar" */;
			buildPhases = (
				A996D96A175B59A900010719 /* Sources */,
				A996D96B175B59A900010719 /* Frameworks */,
				A996D96C175B59A900010719 /* Resources */,
				A996D9C3175B657300010719 /* CopyFiles */,
			);
			buildRules = (
			);
			dependencies = (
			);
			name = Pulsar;
			productName = Pulsar;
			productReference = A996D96E175B59A900010719 /* Pulsar.app */;
			productType = "com.apple.product-type.application";
		};
/* End PBXNativeTarget section */

/* Begin PBXProject section */
		A996D966175B59A900010719 /* Project object */ = {
			isa = PBXProject;
			attributes = {
				CLASSPREFIX = ME;
				LastUpgradeCheck = 0460;
				ORGANIZATIONNAME = "Andrey M.";
			};
			buildConfigurationList = A996D969175B59A900010719 /* Build configuration list for PBXProject "Pulsar" */;
			compatibilityVersion = "Xcode 3.2";
			developmentRegion = English;
			hasScannedForEncodings = 0;
			knownRegions = (
				en,
			);
			mainGroup = A996D965175B59A900010719;
			productRefGroup = A996D96F175B59A900010719 /* Products */;
			projectDirPath = "";
			projectRoot = "";
			targets = (
				A996D96D175B59A900010719 /* Pulsar */,
			);
		};
/* End PBXProject section */

/* Begin PBXResourcesBuildPhase section */
		A996D96C175B59A900010719 /* Resources */ = {
			isa = PBXResourcesBuildPhase;
			buildActionMask = 2147483647;
			files = (
				A996D97C175B59A900010719 /* InfoPlist.strings in Resources */,
				A996D982175B59A900010719 /* Credits.rtf in Resources */,
				A996D988175B59A900010719 /* MEDocument.xib in Resources */,
				A996D98B175B59A900010719 /* MainMenu.xib in Resources */,
			);
			runOnlyForDeploymentPostprocessing = 0;
		};
/* End PBXResourcesBuildPhase section */

/* Begin PBXSourcesBuildPhase section */
		A996D96A175B59A900010719 /* Sources */ = {
			isa = PBXSourcesBuildPhase;
			buildActionMask = 2147483647;
			files = (
				A996D97E175B59A900010719 /* main.m in Sources */,
				A996D985175B59A900010719 /* MEDocument.m in Sources */,
				A996D9C7175B688E00010719 /* AppController.m in Sources */,
				A98E138D175E6D7C009F90E8 /* LNSSourceListSourceGroupCell.m in Sources */,
			);
			runOnlyForDeploymentPostprocessing = 0;
		};
/* End PBXSourcesBuildPhase section */

/* Begin PBXVariantGroup section */
		A996D97A175B59A900010719 /* InfoPlist.strings */ = {
			isa = PBXVariantGroup;
			children = (
				A996D97B175B59A900010719 /* en */,
			);
			name = InfoPlist.strings;
			sourceTree = "<group>";
		};
		A996D980175B59A900010719 /* Credits.rtf */ = {
			isa = PBXVariantGroup;
			children = (
				A996D981175B59A900010719 /* en */,
			);
			name = Credits.rtf;
			sourceTree = "<group>";
		};
		A996D986175B59A900010719 /* MEDocument.xib */ = {
			isa = PBXVariantGroup;
			children = (
				A996D987175B59A900010719 /* en */,
			);
			name = MEDocument.xib;
			sourceTree = "<group>";
		};
		A996D989175B59A900010719 /* MainMenu.xib */ = {
			isa = PBXVariantGroup;
			children = (
				A996D98A175B59A900010719 /* en */,
			);
			name = MainMenu.xib;
			sourceTree = "<group>";
		};
/* End PBXVariantGroup section */

/* Begin XCBuildConfiguration section */
		A996D98C175B59A900010719 /* Debug */ = {
			isa = XCBuildConfiguration;
			buildSettings = {
				ALWAYS_SEARCH_USER_PATHS = NO;
				ARCHS = "$(ARCHS_STANDARD_64_BIT)";
				CLANG_CXX_LANGUAGE_STANDARD = "gnu++0x";
				CLANG_CXX_LIBRARY = "libc++";
				CLANG_ENABLE_OBJC_ARC = YES;
				CLANG_WARN_CONSTANT_CONVERSION = YES;
				CLANG_WARN_EMPTY_BODY = YES;
				CLANG_WARN_ENUM_CONVERSION = YES;
				CLANG_WARN_INT_CONVERSION = YES;
				CLANG_WARN__DUPLICATE_METHOD_MATCH = YES;
				COPY_PHASE_STRIP = NO;
				GCC_C_LANGUAGE_STANDARD = gnu99;
				GCC_DYNAMIC_NO_PIC = NO;
				GCC_ENABLE_OBJC_EXCEPTIONS = YES;
				GCC_OPTIMIZATION_LEVEL = 0;
				GCC_PREPROCESSOR_DEFINITIONS = (
					"DEBUG=1",
					"$(inherited)",
				);
				GCC_SYMBOLS_PRIVATE_EXTERN = NO;
				GCC_WARN_64_TO_32_BIT_CONVERSION = YES;
				GCC_WARN_ABOUT_RETURN_TYPE = YES;
				GCC_WARN_UNINITIALIZED_AUTOS = YES;
				GCC_WARN_UNUSED_VARIABLE = YES;
				MACOSX_DEPLOYMENT_TARGET = 10.7;
				ONLY_ACTIVE_ARCH = YES;
				SDKROOT = macosx;
			};
			name = Debug;
		};
		A996D98D175B59A900010719 /* Release */ = {
			isa = XCBuildConfiguration;
			buildSettings = {
				ALWAYS_SEARCH_USER_PATHS = NO;
				ARCHS = "$(ARCHS_STANDARD_64_BIT)";
				CLANG_CXX_LANGUAGE_STANDARD = "gnu++0x";
				CLANG_CXX_LIBRARY = "libc++";
				CLANG_ENABLE_OBJC_ARC = YES;
				CLANG_WARN_CONSTANT_CONVERSION = YES;
				CLANG_WARN_EMPTY_BODY = YES;
				CLANG_WARN_ENUM_CONVERSION = YES;
				CLANG_WARN_INT_CONVERSION = YES;
				CLANG_WARN__DUPLICATE_METHOD_MATCH = YES;
				COPY_PHASE_STRIP = YES;
				DEBUG_INFORMATION_FORMAT = "dwarf-with-dsym";
				GCC_C_LANGUAGE_STANDARD = gnu99;
				GCC_ENABLE_OBJC_EXCEPTIONS = YES;
				GCC_WARN_64_TO_32_BIT_CONVERSION = YES;
				GCC_WARN_ABOUT_RETURN_TYPE = YES;
				GCC_WARN_UNINITIALIZED_AUTOS = YES;
				GCC_WARN_UNUSED_VARIABLE = YES;
				MACOSX_DEPLOYMENT_TARGET = 10.7;
				SDKROOT = macosx;
			};
			name = Release;
		};
		A996D98F175B59A900010719 /* Debug */ = {
			isa = XCBuildConfiguration;
			buildSettings = {
				COMBINE_HIDPI_IMAGES = YES;
				FRAMEWORK_SEARCH_PATHS = (
					"$(inherited)",
					"\"$(SRCROOT)\"",
				);
				GCC_PRECOMPILE_PREFIX_HEADER = YES;
				GCC_PREFIX_HEADER = "Pulsar/Pulsar-Prefix.pch";
				INFOPLIST_FILE = "Pulsar/Pulsar-Info.plist";
				PRODUCT_NAME = "$(TARGET_NAME)";
				WRAPPER_EXTENSION = app;
			};
			name = Debug;
		};
		A996D990175B59A900010719 /* Release */ = {
			isa = XCBuildConfiguration;
			buildSettings = {
				COMBINE_HIDPI_IMAGES = YES;
				FRAMEWORK_SEARCH_PATHS = (
					"$(inherited)",
					"\"$(SRCROOT)\"",
				);
				GCC_PRECOMPILE_PREFIX_HEADER = YES;
				GCC_PREFIX_HEADER = "Pulsar/Pulsar-Prefix.pch";
				INFOPLIST_FILE = "Pulsar/Pulsar-Info.plist";
				PRODUCT_NAME = "$(TARGET_NAME)";
				WRAPPER_EXTENSION = app;
			};
			name = Release;
		};
/* End XCBuildConfiguration section */

/* Begin XCConfigurationList section */
		A996D969175B59A900010719 /* Build configuration list for PBXProject "Pulsar" */ = {
			isa = XCConfigurationList;
			buildConfigurations = (
				A996D98C175B59A900010719 /* Debug */,
				A996D98D175B59A900010719 /* Release */,
			);
			defaultConfigurationIsVisible = 0;
			defaultConfigurationName = Release;
		};
		A996D98E175B59A900010719 /* Build configuration list for PBXNativeTarget "Pulsar" */ = {
			isa = XCConfigurationList;
			buildConfigurations = (
				A996D98F175B59A900010719 /* Debug */,
				A996D990175B59A900010719 /* Release */,
			);
			defaultConfigurationIsVisible = 0;
			defaultConfigurationName = Release;
		};
/* End XCConfigurationList section */
	};
	rootObject = A996D966175B59A900010719 /* Project object */;
}
